
Microsoft Visual Studio Solution File, Format Version 12.00
# Visual Studio Version 17
VisualStudioVersion = 17.10.35122.118
MinimumVisualStudioVersion = 10.0.40219.1
Project("{FAE04EC0-301F-11D3-BF4B-00C04F79EFBC}") = "class11a", "class11a.csproj", "{B80C30C6-7F03-41FD-8316-8B569F07E36B}"
EndProject
Global
	GlobalSection(SolutionConfigurationPlatforms) = preSolution
		Debug|Any CPU = Debug|Any CPU
		Release|Any CPU = Release|Any CPU
	EndGlobalSection
	GlobalSection(ProjectConfigurationPlatforms) = postSolution
		{B80C30C6-7F03-41FD-8316-8B569F07E36B}.Debug|Any CPU.ActiveCfg = Debug|Any CPU
		{B80C30C6-7F03-41FD-8316-8B569F07E36B}.Debug|Any CPU.Build.0 = Debug|Any CPU
		{B80C30C6-7F03-41FD-8316-8B569F07E36B}.Release|Any CPU.ActiveCfg = Release|Any CPU
		{B80C30C6-7F03-41FD-8316-8B569F07E36B}.Release|Any CPU.Build.0 = Release|Any CPU
	EndGlobalSection
	GlobalSection(SolutionProperties) = preSolution
		HideSolutionNode = FALSE
	EndGlobalSection
	GlobalSection(ExtensibilityGlobals) = postSolution
		SolutionGuid = {B2DB39D5-6F78-4F44-96E6-88787F87B5DB}
	EndGlobalSection
EndGlobal
